
Microsoft Visual Studio Solution File, Format Version 12.00
# Visual Studio 15
VisualStudioVersion = 15.0.26430.16
MinimumVisualStudioVersion = 10.0.40219.1
Project("{FAE04EC0-301F-11D3-BF4B-00C04F79EFBC}") = "WaesObjectDiff", "WaesObjectDiff\WaesObjectDiff.csproj", "{4FFB7F4E-DACF-4D34-A4C3-8F41943DD642}"
EndProject
Project("{FAE04EC0-301F-11D3-BF4B-00C04F79EFBC}") = "WaesObjectDiff.Tests", "WaesObjectDiff.Tests\WaesObjectDiff.Tests.csproj", "{5239142A-7363-4D37-8F2F-8E6185774CD5}"
EndProject
Project("{FAE04EC0-301F-11D3-BF4B-00C04F79EFBC}") = "WaesObjectDiff.Integration.Test", "WaesObjectDiff.Integration.Test\WaesObjectDiff.Integration.Test.csproj", "{C14F386B-A5E1-4C4C-A84D-D2EEDA1D03F6}"
EndProject
Global
	GlobalSection(SolutionConfigurationPlatforms) = preSolution
		Debug|Any CPU = Debug|Any CPU
		Release|Any CPU = Release|Any CPU
	EndGlobalSection
	GlobalSection(ProjectConfigurationPlatforms) = postSolution
		{4FFB7F4E-DACF-4D34-A4C3-8F41943DD642}.Debug|Any CPU.ActiveCfg = Debug|Any CPU
		{4FFB7F4E-DACF-4D34-A4C3-8F41943DD642}.Debug|Any CPU.Build.0 = Debug|Any CPU
		{4FFB7F4E-DACF-4D34-A4C3-8F41943DD642}.Release|Any CPU.ActiveCfg = Release|Any CPU
		{4FFB7F4E-DACF-4D34-A4C3-8F41943DD642}.Release|Any CPU.Build.0 = Release|Any CPU
		{5239142A-7363-4D37-8F2F-8E6185774CD5}.Debug|Any CPU.ActiveCfg = Debug|Any CPU
		{5239142A-7363-4D37-8F2F-8E6185774CD5}.Debug|Any CPU.Build.0 = Debug|Any CPU
		{5239142A-7363-4D37-8F2F-8E6185774CD5}.Release|Any CPU.ActiveCfg = Release|Any CPU
		{5239142A-7363-4D37-8F2F-8E6185774CD5}.Release|Any CPU.Build.0 = Release|Any CPU
		{C14F386B-A5E1-4C4C-A84D-D2EEDA1D03F6}.Debug|Any CPU.ActiveCfg = Debug|Any CPU
		{C14F386B-A5E1-4C4C-A84D-D2EEDA1D03F6}.Debug|Any CPU.Build.0 = Debug|Any CPU
		{C14F386B-A5E1-4C4C-A84D-D2EEDA1D03F6}.Release|Any CPU.ActiveCfg = Release|Any CPU
		{C14F386B-A5E1-4C4C-A84D-D2EEDA1D03F6}.Release|Any CPU.Build.0 = Release|Any CPU
	EndGlobalSection
	GlobalSection(SolutionProperties) = preSolution
		HideSolutionNode = FALSE
	EndGlobalSection
EndGlobal
